
Microsoft Visual Studio Solution File, Format Version 12.00
# Visual Studio Version 17
VisualStudioVersion = 17.0.31903.59
MinimumVisualStudioVersion = 10.0.40219.1
Project("{FAE04EC0-301F-11D3-BF4B-00C04F79EFBC}") = "Wigo4it.MultiTenant.Tests", "Wigo4it.MultiTenant.Tests\Wigo4it.MultiTenant.Tests.csproj", "{A5F6D87B-98FA-429C-931E-A8F31E78677B}"
EndProject
Project("{FAE04EC0-301F-11D3-BF4B-00C04F79EFBC}") = "Wigo4it.MultiTenant.NserviceBus.Tests", "Wigo4it.MultiTenant.NserviceBus.Tests\Wigo4it.MultiTenant.NserviceBus.Tests.csproj", "{39DF393C-2CAB-4145-81FE-1622DD07BC1A}"
EndProject
Project("{FAE04EC0-301F-11D3-BF4B-00C04F79EFBC}") = "Wigo4it.MultiTenant.NServiceBus", "Wigo4it.MultiTenant.NServiceBus\Wigo4it.MultiTenant.NServiceBus.csproj", "{41AC09DA-73C1-4318-89E3-A72696391E49}"
EndProject
Project("{FAE04EC0-301F-11D3-BF4B-00C04F79EFBC}") = "Wigo4it.MultiTenant", "Wigo4it.MultiTenant\Wigo4it.MultiTenant.csproj", "{4AB900E0-3B5A-4AE4-AEF4-98C8D644EB30}"
EndProject
Project("{2150E333-8FDC-42A3-9474-1A3956D46DE8}") = "Solution Items", "Solution Items", "{0617993F-9471-4599-8CB1-3CC4B1C8243E}"
	ProjectSection(SolutionItems) = preProject
		Directory.Packages.props = Directory.Packages.props
		GitVersion.yml = GitVersion.yml
	EndProjectSection
EndProject
Project("{FAE04EC0-301F-11D3-BF4B-00C04F79EFBC}") = "Wigo4it.MultiTenant.NServiceBus.Sample", "Wigo4it.MultiTenant.NServiceBus.Sample\Wigo4it.MultiTenant.NServiceBus.Sample.csproj", "{B2974C0C-EDF4-4959-860E-859B51D062F5}"
EndProject
Project("{2150E333-8FDC-42A3-9474-1A3956D46DE8}") = "Samples", "Samples", "{0AD11ECF-7CEB-4199-934F-8F2A3D95F9BF}"
EndProject
Project("{FAE04EC0-301F-11D3-BF4B-00C04F79EFBC}") = "Wigo4it.MultiTenant.NServiceBus.IntegrationTests", "Wigo4it.MultiTenant.NServiceBus.IntegrationTests\Wigo4it.MultiTenant.NServiceBus.IntegrationTests.csproj", "{4D4CE0A4-7B72-4062-BF38-FED82BAE17B5}"
EndProject
Project("{2150E333-8FDC-42A3-9474-1A3956D46DE8}") = "Tests", "Tests", "{E7C2E919-C593-487F-B2BB-99C36A681313}"
EndProject
Project("{FAE04EC0-301F-11D3-BF4B-00C04F79EFBC}") = "Wigo4it.MultiTenant.AspNetCore", "Wigo4it.MultiTenant.AspNetCore\Wigo4it.MultiTenant.AspNetCore.csproj", "{2DAF31A9-A6E5-4C8C-8803-23EBDFC691E2}"
EndProject
Project("{FAE04EC0-301F-11D3-BF4B-00C04F79EFBC}") = "Wigo4it.MultiTenant.AspNetCore.Tests", "Wigo4it.MultiTenant.AspNetCore.Tests\Wigo4it.MultiTenant.AspNetCore.Tests.csproj", "{DD918846-8CAA-494E-B8E7-DA987778EEA0}"
EndProject
Project("{FAE04EC0-301F-11D3-BF4B-00C04F79EFBC}") = "Wigo4it.MultiTenant.AspNetCore.IntegrationTests", "Wigo4it.MultiTenant.AspNetCore.IntegrationTests\Wigo4it.MultiTenant.AspNetCore.IntegrationTests.csproj", "{34031FA6-A873-40D5-A551-99681EA8C29D}"
EndProject
Global
	GlobalSection(SolutionConfigurationPlatforms) = preSolution
		Debug|Any CPU = Debug|Any CPU
		Debug|x64 = Debug|x64
		Debug|x86 = Debug|x86
		Release|Any CPU = Release|Any CPU
		Release|x64 = Release|x64
		Release|x86 = Release|x86
	EndGlobalSection
	GlobalSection(ProjectConfigurationPlatforms) = postSolution
		{A5F6D87B-98FA-429C-931E-A8F31E78677B}.Debug|Any CPU.ActiveCfg = Debug|Any CPU
		{A5F6D87B-98FA-429C-931E-A8F31E78677B}.Debug|Any CPU.Build.0 = Debug|Any CPU
		{A5F6D87B-98FA-429C-931E-A8F31E78677B}.Debug|x64.ActiveCfg = Debug|Any CPU
		{A5F6D87B-98FA-429C-931E-A8F31E78677B}.Debug|x64.Build.0 = Debug|Any CPU
		{A5F6D87B-98FA-429C-931E-A8F31E78677B}.Debug|x86.ActiveCfg = Debug|Any CPU
		{A5F6D87B-98FA-429C-931E-A8F31E78677B}.Debug|x86.Build.0 = Debug|Any CPU
		{A5F6D87B-98FA-429C-931E-A8F31E78677B}.Release|Any CPU.ActiveCfg = Release|Any CPU
		{A5F6D87B-98FA-429C-931E-A8F31E78677B}.Release|Any CPU.Build.0 = Release|Any CPU
		{A5F6D87B-98FA-429C-931E-A8F31E78677B}.Release|x64.ActiveCfg = Release|Any CPU
		{A5F6D87B-98FA-429C-931E-A8F31E78677B}.Release|x64.Build.0 = Release|Any CPU
		{A5F6D87B-98FA-429C-931E-A8F31E78677B}.Release|x86.ActiveCfg = Release|Any CPU
		{A5F6D87B-98FA-429C-931E-A8F31E78677B}.Release|x86.Build.0 = Release|Any CPU
		{39DF393C-2CAB-4145-81FE-1622DD07BC1A}.Debug|Any CPU.ActiveCfg = Debug|Any CPU
		{39DF393C-2CAB-4145-81FE-1622DD07BC1A}.Debug|Any CPU.Build.0 = Debug|Any CPU
		{39DF393C-2CAB-4145-81FE-1622DD07BC1A}.Debug|x64.ActiveCfg = Debug|Any CPU
		{39DF393C-2CAB-4145-81FE-1622DD07BC1A}.Debug|x64.Build.0 = Debug|Any CPU
		{39DF393C-2CAB-4145-81FE-1622DD07BC1A}.Debug|x86.ActiveCfg = Debug|Any CPU
		{39DF393C-2CAB-4145-81FE-1622DD07BC1A}.Debug|x86.Build.0 = Debug|Any CPU
		{39DF393C-2CAB-4145-81FE-1622DD07BC1A}.Release|Any CPU.ActiveCfg = Release|Any CPU
		{39DF393C-2CAB-4145-81FE-1622DD07BC1A}.Release|Any CPU.Build.0 = Release|Any CPU
		{39DF393C-2CAB-4145-81FE-1622DD07BC1A}.Release|x64.ActiveCfg = Release|Any CPU
		{39DF393C-2CAB-4145-81FE-1622DD07BC1A}.Release|x64.Build.0 = Release|Any CPU
		{39DF393C-2CAB-4145-81FE-1622DD07BC1A}.Release|x86.ActiveCfg = Release|Any CPU
		{39DF393C-2CAB-4145-81FE-1622DD07BC1A}.Release|x86.Build.0 = Release|Any CPU
		{41AC09DA-73C1-4318-89E3-A72696391E49}.Debug|Any CPU.ActiveCfg = Debug|Any CPU
		{41AC09DA-73C1-4318-89E3-A72696391E49}.Debug|Any CPU.Build.0 = Debug|Any CPU
		{41AC09DA-73C1-4318-89E3-A72696391E49}.Debug|x64.ActiveCfg = Debug|Any CPU
		{41AC09DA-73C1-4318-89E3-A72696391E49}.Debug|x64.Build.0 = Debug|Any CPU
		{41AC09DA-73C1-4318-89E3-A72696391E49}.Debug|x86.ActiveCfg = Debug|Any CPU
		{41AC09DA-73C1-4318-89E3-A72696391E49}.Debug|x86.Build.0 = Debug|Any CPU
		{41AC09DA-73C1-4318-89E3-A72696391E49}.Release|Any CPU.ActiveCfg = Release|Any CPU
		{41AC09DA-73C1-4318-89E3-A72696391E49}.Release|Any CPU.Build.0 = Release|Any CPU
		{41AC09DA-73C1-4318-89E3-A72696391E49}.Release|x64.ActiveCfg = Release|Any CPU
		{41AC09DA-73C1-4318-89E3-A72696391E49}.Release|x64.Build.0 = Release|Any CPU
		{41AC09DA-73C1-4318-89E3-A72696391E49}.Release|x86.ActiveCfg = Release|Any CPU
		{41AC09DA-73C1-4318-89E3-A72696391E49}.Release|x86.Build.0 = Release|Any CPU
		{4AB900E0-3B5A-4AE4-AEF4-98C8D644EB30}.Debug|Any CPU.ActiveCfg = Debug|Any CPU
		{4AB900E0-3B5A-4AE4-AEF4-98C8D644EB30}.Debug|Any CPU.Build.0 = Debug|Any CPU
		{4AB900E0-3B5A-4AE4-AEF4-98C8D644EB30}.Debug|x64.ActiveCfg = Debug|Any CPU
		{4AB900E0-3B5A-4AE4-AEF4-98C8D644EB30}.Debug|x64.Build.0 = Debug|Any CPU
		{4AB900E0-3B5A-4AE4-AEF4-98C8D644EB30}.Debug|x86.ActiveCfg = Debug|Any CPU
		{4AB900E0-3B5A-4AE4-AEF4-98C8D644EB30}.Debug|x86.Build.0 = Debug|Any CPU
		{4AB900E0-3B5A-4AE4-AEF4-98C8D644EB30}.Release|Any CPU.ActiveCfg = Release|Any CPU
		{4AB900E0-3B5A-4AE4-AEF4-98C8D644EB30}.Release|Any CPU.Build.0 = Release|Any CPU
		{4AB900E0-3B5A-4AE4-AEF4-98C8D644EB30}.Release|x64.ActiveCfg = Release|Any CPU
		{4AB900E0-3B5A-4AE4-AEF4-98C8D644EB30}.Release|x64.Build.0 = Release|Any CPU
		{4AB900E0-3B5A-4AE4-AEF4-98C8D644EB30}.Release|x86.ActiveCfg = Release|Any CPU
		{4AB900E0-3B5A-4AE4-AEF4-98C8D644EB30}.Release|x86.Build.0 = Release|Any CPU
		{B2974C0C-EDF4-4959-860E-859B51D062F5}.Debug|Any CPU.ActiveCfg = Debug|Any CPU
		{B2974C0C-EDF4-4959-860E-859B51D062F5}.Debug|Any CPU.Build.0 = Debug|Any CPU
		{B2974C0C-EDF4-4959-860E-859B51D062F5}.Debug|x64.ActiveCfg = Debug|Any CPU
		{B2974C0C-EDF4-4959-860E-859B51D062F5}.Debug|x64.Build.0 = Debug|Any CPU
		{B2974C0C-EDF4-4959-860E-859B51D062F5}.Debug|x86.ActiveCfg = Debug|Any CPU
		{B2974C0C-EDF4-4959-860E-859B51D062F5}.Debug|x86.Build.0 = Debug|Any CPU
		{B2974C0C-EDF4-4959-860E-859B51D062F5}.Release|Any CPU.ActiveCfg = Release|Any CPU
		{B2974C0C-EDF4-4959-860E-859B51D062F5}.Release|Any CPU.Build.0 = Release|Any CPU
		{B2974C0C-EDF4-4959-860E-859B51D062F5}.Release|x64.ActiveCfg = Release|Any CPU
		{B2974C0C-EDF4-4959-860E-859B51D062F5}.Release|x64.Build.0 = Release|Any CPU
		{B2974C0C-EDF4-4959-860E-859B51D062F5}.Release|x86.ActiveCfg = Release|Any CPU
		{B2974C0C-EDF4-4959-860E-859B51D062F5}.Release|x86.Build.0 = Release|Any CPU
		{4D4CE0A4-7B72-4062-BF38-FED82BAE17B5}.Debug|Any CPU.ActiveCfg = Debug|Any CPU
		{4D4CE0A4-7B72-4062-BF38-FED82BAE17B5}.Debug|Any CPU.Build.0 = Debug|Any CPU
		{4D4CE0A4-7B72-4062-BF38-FED82BAE17B5}.Debug|x64.ActiveCfg = Debug|Any CPU
		{4D4CE0A4-7B72-4062-BF38-FED82BAE17B5}.Debug|x64.Build.0 = Debug|Any CPU
		{4D4CE0A4-7B72-4062-BF38-FED82BAE17B5}.Debug|x86.ActiveCfg = Debug|Any CPU
		{4D4CE0A4-7B72-4062-BF38-FED82BAE17B5}.Debug|x86.Build.0 = Debug|Any CPU
		{4D4CE0A4-7B72-4062-BF38-FED82BAE17B5}.Release|Any CPU.ActiveCfg = Release|Any CPU
		{4D4CE0A4-7B72-4062-BF38-FED82BAE17B5}.Release|Any CPU.Build.0 = Release|Any CPU
		{4D4CE0A4-7B72-4062-BF38-FED82BAE17B5}.Release|x64.ActiveCfg = Release|Any CPU
		{4D4CE0A4-7B72-4062-BF38-FED82BAE17B5}.Release|x64.Build.0 = Release|Any CPU
		{4D4CE0A4-7B72-4062-BF38-FED82BAE17B5}.Release|x86.ActiveCfg = Release|Any CPU
		{4D4CE0A4-7B72-4062-BF38-FED82BAE17B5}.Release|x86.Build.0 = Release|Any CPU
		{2DAF31A9-A6E5-4C8C-8803-23EBDFC691E2}.Debug|Any CPU.ActiveCfg = Debug|Any CPU
		{2DAF31A9-A6E5-4C8C-8803-23EBDFC691E2}.Debug|Any CPU.Build.0 = Debug|Any CPU
		{2DAF31A9-A6E5-4C8C-8803-23EBDFC691E2}.Debug|x64.ActiveCfg = Debug|Any CPU
		{2DAF31A9-A6E5-4C8C-8803-23EBDFC691E2}.Debug|x64.Build.0 = Debug|Any CPU
		{2DAF31A9-A6E5-4C8C-8803-23EBDFC691E2}.Debug|x86.ActiveCfg = Debug|Any CPU
		{2DAF31A9-A6E5-4C8C-8803-23EBDFC691E2}.Debug|x86.Build.0 = Debug|Any CPU
		{2DAF31A9-A6E5-4C8C-8803-23EBDFC691E2}.Release|Any CPU.ActiveCfg = Release|Any CPU
		{2DAF31A9-A6E5-4C8C-8803-23EBDFC691E2}.Release|Any CPU.Build.0 = Release|Any CPU
		{2DAF31A9-A6E5-4C8C-8803-23EBDFC691E2}.Release|x64.ActiveCfg = Release|Any CPU
		{2DAF31A9-A6E5-4C8C-8803-23EBDFC691E2}.Release|x64.Build.0 = Release|Any CPU
		{2DAF31A9-A6E5-4C8C-8803-23EBDFC691E2}.Release|x86.ActiveCfg = Release|Any CPU
		{2DAF31A9-A6E5-4C8C-8803-23EBDFC691E2}.Release|x86.Build.0 = Release|Any CPU
		{DD918846-8CAA-494E-B8E7-DA987778EEA0}.Debug|Any CPU.ActiveCfg = Debug|Any CPU
		{DD918846-8CAA-494E-B8E7-DA987778EEA0}.Debug|Any CPU.Build.0 = Debug|Any CPU
		{DD918846-8CAA-494E-B8E7-DA987778EEA0}.Debug|x64.ActiveCfg = Debug|Any CPU
		{DD918846-8CAA-494E-B8E7-DA987778EEA0}.Debug|x64.Build.0 = Debug|Any CPU
		{DD918846-8CAA-494E-B8E7-DA987778EEA0}.Debug|x86.ActiveCfg = Debug|Any CPU
		{DD918846-8CAA-494E-B8E7-DA987778EEA0}.Debug|x86.Build.0 = Debug|Any CPU
		{DD918846-8CAA-494E-B8E7-DA987778EEA0}.Release|Any CPU.ActiveCfg = Release|Any CPU
		{DD918846-8CAA-494E-B8E7-DA987778EEA0}.Release|Any CPU.Build.0 = Release|Any CPU
		{DD918846-8CAA-494E-B8E7-DA987778EEA0}.Release|x64.ActiveCfg = Release|Any CPU
		{DD918846-8CAA-494E-B8E7-DA987778EEA0}.Release|x64.Build.0 = Release|Any CPU
		{DD918846-8CAA-494E-B8E7-DA987778EEA0}.Release|x86.ActiveCfg = Release|Any CPU
		{DD918846-8CAA-494E-B8E7-DA987778EEA0}.Release|x86.Build.0 = Release|Any CPU
		{34031FA6-A873-40D5-A551-99681EA8C29D}.Debug|Any CPU.ActiveCfg = Debug|Any CPU
		{34031FA6-A873-40D5-A551-99681EA8C29D}.Debug|Any CPU.Build.0 = Debug|Any CPU
		{34031FA6-A873-40D5-A551-99681EA8C29D}.Debug|x64.ActiveCfg = Debug|Any CPU
		{34031FA6-A873-40D5-A551-99681EA8C29D}.Debug|x64.Build.0 = Debug|Any CPU
		{34031FA6-A873-40D5-A551-99681EA8C29D}.Debug|x86.ActiveCfg = Debug|Any CPU
		{34031FA6-A873-40D5-A551-99681EA8C29D}.Debug|x86.Build.0 = Debug|Any CPU
		{34031FA6-A873-40D5-A551-99681EA8C29D}.Release|Any CPU.ActiveCfg = Release|Any CPU
		{34031FA6-A873-40D5-A551-99681EA8C29D}.Release|Any CPU.Build.0 = Release|Any CPU
		{34031FA6-A873-40D5-A551-99681EA8C29D}.Release|x64.ActiveCfg = Release|Any CPU
		{34031FA6-A873-40D5-A551-99681EA8C29D}.Release|x64.Build.0 = Release|Any CPU
		{34031FA6-A873-40D5-A551-99681EA8C29D}.Release|x86.ActiveCfg = Release|Any CPU
		{34031FA6-A873-40D5-A551-99681EA8C29D}.Release|x86.Build.0 = Release|Any CPU
	EndGlobalSection
	GlobalSection(SolutionProperties) = preSolution
		HideSolutionNode = FALSE
	EndGlobalSection
	GlobalSection(NestedProjects) = preSolution
		{A5F6D87B-98FA-429C-931E-A8F31E78677B} = {E7C2E919-C593-487F-B2BB-99C36A681313}
		{39DF393C-2CAB-4145-81FE-1622DD07BC1A} = {E7C2E919-C593-487F-B2BB-99C36A681313}
		{B2974C0C-EDF4-4959-860E-859B51D062F5} = {0AD11ECF-7CEB-4199-934F-8F2A3D95F9BF}
		{4D4CE0A4-7B72-4062-BF38-FED82BAE17B5} = {E7C2E919-C593-487F-B2BB-99C36A681313}
		{DD918846-8CAA-494E-B8E7-DA987778EEA0} = {E7C2E919-C593-487F-B2BB-99C36A681313}
		{34031FA6-A873-40D5-A551-99681EA8C29D} = {E7C2E919-C593-487F-B2BB-99C36A681313}
	EndGlobalSection
EndGlobal
